{
  "name": "find-duplicate-array-elements",
  "version": "1.0.0",
  "lockfileVersion": 2,
  "requires": true,
  "packages": {
    "": {
      "name": "find-duplicate-array-elements",
      "version": "1.0.0",
      "license": "ISC",
      "dependencies": {
        "find-duplicate-array-elements": "file:"
      }
    },
    "node_modules/find-duplicate-array-elements": {
      "resolved": "",
      "link": true
    }
  },
  "dependencies": {
    "find-duplicate-array-elements": {
      "version": "file:",
      "requires": {
        "find-duplicate-array-elements": "file:"
      }
    }
  }
}
